// !$*UTF8*$!
{
	archiveVersion = 1;
	classes = {
	};
	objectVersion = 56;
	objects = {

/* Begin PBXBuildFile section */
		FA934BD6295E1C6800D2D184 /* AppDelegate.swift in Sources */ = {isa = PBXBuildFile; fileRef = FA934BD5295E1C6800D2D184 /* AppDelegate.swift */; };
		FA934BDC295E1C6800D2D184 /* GameScene.swift in Sources */ = {isa = PBXBuildFile; fileRef = FA934BDB295E1C6800D2D184 /* GameScene.swift */; };
		FA934BDE295E1C6800D2D184 /* GameViewController.swift in Sources */ = {isa = PBXBuildFile; fileRef = FA934BDD295E1C6800D2D184 /* GameViewController.swift */; };
		FA934BE1295E1C6800D2D184 /* Main.storyboard in Resources */ = {isa = PBXBuildFile; fileRef = FA934BDF295E1C6800D2D184 /* Main.storyboard */; };
		FA934BE3295E1C6B00D2D184 /* Assets.xcassets in Resources */ = {isa = PBXBuildFile; fileRef = FA934BE2295E1C6B00D2D184 /* Assets.xcassets */; };
		FA934BE6295E1C6B00D2D184 /* LaunchScreen.storyboard in Resources */ = {isa = PBXBuildFile; fileRef = FA934BE4295E1C6B00D2D184 /* LaunchScreen.storyboard */; };
		FA934BED295E210600D2D184 /* Background.swift in Sources */ = {isa = PBXBuildFile; fileRef = FA934BEC295E210600D2D184 /* Background.swift */; };
		FA934BEF295E32CE00D2D184 /* Island.swift in Sources */ = {isa = PBXBuildFile; fileRef = FA934BEE295E32CE00D2D184 /* Island.swift */; };
		FA934BF1295E391300D2D184 /* Cloud.swift in Sources */ = {isa = PBXBuildFile; fileRef = FA934BF0295E391300D2D184 /* Cloud.swift */; };
		FA934BF329646BB800D2D184 /* PlayerPlane.swift in Sources */ = {isa = PBXBuildFile; fileRef = FA934BF229646BB700D2D184 /* PlayerPlane.swift */; };
		FA934BF529646DA300D2D184 /* PlayerPlane.atlas in Resources */ = {isa = PBXBuildFile; fileRef = FA934BF429646DA300D2D184 /* PlayerPlane.atlas */; };
		FA934BF7296485D700D2D184 /* protocol GameBackgroundSpriteable + Extension.swift in Sources */ = {isa = PBXBuildFile; fileRef = FA934BF6296485D700D2D184 /* protocol GameBackgroundSpriteable + Extension.swift */; };
/* End PBXBuildFile section */

/* Begin PBXFileReference section */
		FA934BD2295E1C6800D2D184 /* WarFly2022_Game.app */ = {isa = PBXFileReference; explicitFileType = wrapper.application; includeInIndex = 0; path = WarFly2022_Game.app; sourceTree = BUILT_PRODUCTS_DIR; };
		FA934BD5295E1C6800D2D184 /* AppDelegate.swift */ = {isa = PBXFileReference; lastKnownFileType = sourcecode.swift; path = AppDelegate.swift; sourceTree = "<group>"; };
		FA934BDB295E1C6800D2D184 /* GameScene.swift */ = {isa = PBXFileReference; lastKnownFileType = sourcecode.swift; path = GameScene.swift; sourceTree = "<group>"; };
		FA934BDD295E1C6800D2D184 /* GameViewController.swift */ = {isa = PBXFileReference; lastKnownFileType = sourcecode.swift; path = GameViewController.swift; sourceTree = "<group>"; };
		FA934BE0295E1C6800D2D184 /* Base */ = {isa = PBXFileReference; lastKnownFileType = file.storyboard; name = Base; path = Base.lproj/Main.storyboard; sourceTree = "<group>"; };
		FA934BE2295E1C6B00D2D184 /* Assets.xcassets */ = {isa = PBXFileReference; lastKnownFileType = folder.assetcatalog; path = Assets.xcassets; sourceTree = "<group>"; };
		FA934BE5295E1C6B00D2D184 /* Base */ = {isa = PBXFileReference; lastKnownFileType = file.storyboard; name = Base; path = Base.lproj/LaunchScreen.storyboard; sourceTree = "<group>"; };
		FA934BEC295E210600D2D184 /* Background.swift */ = {isa = PBXFileReference; lastKnownFileType = sourcecode.swift; path = Background.swift; sourceTree = "<group>"; };
		FA934BEE295E32CE00D2D184 /* Island.swift */ = {isa = PBXFileReference; lastKnownFileType = sourcecode.swift; path = Island.swift; sourceTree = "<group>"; };
		FA934BF0295E391300D2D184 /* Cloud.swift */ = {isa = PBXFileReference; lastKnownFileType = sourcecode.swift; path = Cloud.swift; sourceTree = "<group>"; };
		FA934BF229646BB700D2D184 /* PlayerPlane.swift */ = {isa = PBXFileReference; lastKnownFileType = sourcecode.swift; path = PlayerPlane.swift; sourceTree = "<group>"; };
		FA934BF429646DA300D2D184 /* PlayerPlane.atlas */ = {isa = PBXFileReference; lastKnownFileType = folder.skatlas; path = PlayerPlane.atlas; sourceTree = "<group>"; };
		FA934BF6296485D700D2D184 /* protocol GameBackgroundSpriteable + Extension.swift */ = {isa = PBXFileReference; lastKnownFileType = sourcecode.swift; path = "protocol GameBackgroundSpriteable + Extension.swift"; sourceTree = "<group>"; };
/* End PBXFileReference section */

/* Begin PBXFrameworksBuildPhase section */
		FA934BCF295E1C6800D2D184 /* Frameworks */ = {
			isa = PBXFrameworksBuildPhase;
			buildActionMask = 2147483647;
			files = (
			);
			runOnlyForDeploymentPostprocessing = 0;
		};
/* End PBXFrameworksBuildPhase section */

/* Begin PBXGroup section */
		FA934BC9295E1C6800D2D184 = {
			isa = PBXGroup;
			children = (
				FA934BD4295E1C6800D2D184 /* WarFly2022_Game */,
				FA934BD3295E1C6800D2D184 /* Products */,
			);
			sourceTree = "<group>";
		};
		FA934BD3295E1C6800D2D184 /* Products */ = {
			isa = PBXGroup;
			children = (
				FA934BD2295E1C6800D2D184 /* WarFly2022_Game.app */,
			);
			name = Products;
			sourceTree = "<group>";
		};
		FA934BD4295E1C6800D2D184 /* WarFly2022_Game */ = {
			isa = PBXGroup;
			children = (
				FA934BD5295E1C6800D2D184 /* AppDelegate.swift */,
				FA934BDB295E1C6800D2D184 /* GameScene.swift */,
				FA934BEE295E32CE00D2D184 /* Island.swift */,
				FA934BF0295E391300D2D184 /* Cloud.swift */,
				FA934BF6296485D700D2D184 /* protocol GameBackgroundSpriteable + Extension.swift */,
				FA934BF229646BB700D2D184 /* PlayerPlane.swift */,
				FA934BF429646DA300D2D184 /* PlayerPlane.atlas */,
				FA934BEC295E210600D2D184 /* Background.swift */,
				FA934BDD295E1C6800D2D184 /* GameViewController.swift */,
				FA934BDF295E1C6800D2D184 /* Main.storyboard */,
				FA934BE2295E1C6B00D2D184 /* Assets.xcassets */,
				FA934BE4295E1C6B00D2D184 /* LaunchScreen.storyboard */,
			);
			path = WarFly2022_Game;
			sourceTree = "<group>";
		};
/* End PBXGroup section */

/* Begin PBXNativeTarget section */
		FA934BD1295E1C6800D2D184 /* WarFly2022_Game */ = {
			isa = PBXNativeTarget;
			buildConfigurationList = FA934BE9295E1C6B00D2D184 /* Build configuration list for PBXNativeTarget "WarFly2022_Game" */;
			buildPhases = (
				FA934BCE295E1C6800D2D184 /* Sources */,
				FA934BCF295E1C6800D2D184 /* Frameworks */,
				FA934BD0295E1C6800D2D184 /* Resources */,
			);
			buildRules = (
			);
			dependencies = (
			);
			name = WarFly2022_Game;
			productName = WarFly2022_Game;
			productReference = FA934BD2295E1C6800D2D184 /* WarFly2022_Game.app */;
			productType = "com.apple.product-type.application";
		};
/* End PBXNativeTarget section */

/* Begin PBXProject section */
		FA934BCA295E1C6800D2D184 /* Project object */ = {
			isa = PBXProject;
			attributes = {
				BuildIndependentTargetsInParallel = 1;
				LastSwiftUpdateCheck = 1420;
				LastUpgradeCheck = 1420;
				TargetAttributes = {
					FA934BD1295E1C6800D2D184 = {
						CreatedOnToolsVersion = 14.2;
					};
				};
			};
			buildConfigurationList = FA934BCD295E1C6800D2D184 /* Build configuration list for PBXProject "WarFly2022_Game" */;
			compatibilityVersion = "Xcode 14.0";
			developmentRegion = en;
			hasScannedForEncodings = 0;
			knownRegions = (
				en,
				Base,
			);
			mainGroup = FA934BC9295E1C6800D2D184;
			productRefGroup = FA934BD3295E1C6800D2D184 /* Products */;
			projectDirPath = "";
			projectRoot = "";
			targets = (
				FA934BD1295E1C6800D2D184 /* WarFly2022_Game */,
			);
		};
/* End PBXProject section */

/* Begin PBXResourcesBuildPhase section */
		FA934BD0295E1C6800D2D184 /* Resources */ = {
			isa = PBXResourcesBuildPhase;
			buildActionMask = 2147483647;
			files = (
				FA934BE1295E1C6800D2D184 /* Main.storyboard in Resources */,
				FA934BF529646DA300D2D184 /* PlayerPlane.atlas in Resources */,
				FA934BE3295E1C6B00D2D184 /* Assets.xcassets in Resources */,
				FA934BE6295E1C6B00D2D184 /* LaunchScreen.storyboard in Resources */,
			);
			runOnlyForDeploymentPostprocessing = 0;
		};
/* End PBXResourcesBuildPhase section */

/* Begin PBXSourcesBuildPhase section */
		FA934BCE295E1C6800D2D184 /* Sources */ = {
			isa = PBXSourcesBuildPhase;
			buildActionMask = 2147483647;
			files = (
				FA934BDC295E1C6800D2D184 /* GameScene.swift in Sources */,
				FA934BF329646BB800D2D184 /* PlayerPlane.swift in Sources */,
				FA934BF1295E391300D2D184 /* Cloud.swift in Sources */,
				FA934BDE295E1C6800D2D184 /* GameViewController.swift in Sources */,
				FA934BD6295E1C6800D2D184 /* AppDelegate.swift in Sources */,
				FA934BF7296485D700D2D184 /* protocol GameBackgroundSpriteable + Extension.swift in Sources */,
				FA934BEF295E32CE00D2D184 /* Island.swift in Sources */,
				FA934BED295E210600D2D184 /* Background.swift in Sources */,
			);
			runOnlyForDeploymentPostprocessing = 0;
		};
/* End PBXSourcesBuildPhase section */

/* Begin PBXVariantGroup section */
		FA934BDF295E1C6800D2D184 /* Main.storyboard */ = {
			isa = PBXVariantGroup;
			children = (
				FA934BE0295E1C6800D2D184 /* Base */,
			);
			name = Main.storyboard;
			sourceTree = "<group>";
		};
		FA934BE4295E1C6B00D2D184 /* LaunchScreen.storyboard */ = {
			isa = PBXVariantGroup;
			children = (
				FA934BE5295E1C6B00D2D184 /* Base */,
			);
			name = LaunchScreen.storyboard;
			sourceTree = "<group>";
		};
/* End PBXVariantGroup section */

/* Begin XCBuildConfiguration section */
		FA934BE7295E1C6B00D2D184 /* Debug */ = {
			isa = XCBuildConfiguration;
			buildSettings = {
				ALWAYS_SEARCH_USER_PATHS = NO;
				CLANG_ANALYZER_NONNULL = YES;
				CLANG_ANALYZER_NUMBER_OBJECT_CONVERSION = YES_AGGRESSIVE;
				CLANG_CXX_LANGUAGE_STANDARD = "gnu++20";
				CLANG_ENABLE_MODULES = YES;
				CLANG_ENABLE_OBJC_ARC = YES;
				CLANG_ENABLE_OBJC_WEAK = YES;
				CLANG_WARN_BLOCK_CAPTURE_AUTORELEASING = YES;
				CLANG_WARN_BOOL_CONVERSION = YES;
				CLANG_WARN_COMMA = YES;
				CLANG_WARN_CONSTANT_CONVERSION = YES;
				CLANG_WARN_DEPRECATED_OBJC_IMPLEMENTATIONS = YES;
				CLANG_WARN_DIRECT_OBJC_ISA_USAGE = YES_ERROR;
				CLANG_WARN_DOCUMENTATION_COMMENTS = YES;
				CLANG_WARN_EMPTY_BODY = YES;
				CLANG_WARN_ENUM_CONVERSION = YES;
				CLANG_WARN_INFINITE_RECURSION = YES;
				CLANG_WARN_INT_CONVERSION = YES;
				CLANG_WARN_NON_LITERAL_NULL_CONVERSION = YES;
				CLANG_WARN_OBJC_IMPLICIT_RETAIN_SELF = YES;
				CLANG_WARN_OBJC_LITERAL_CONVERSION = YES;
				CLANG_WARN_OBJC_ROOT_CLASS = YES_ERROR;
				CLANG_WARN_QUOTED_INCLUDE_IN_FRAMEWORK_HEADER = YES;
				CLANG_WARN_RANGE_LOOP_ANALYSIS = YES;
				CLANG_WARN_STRICT_PROTOTYPES = YES;
				CLANG_WARN_SUSPICIOUS_MOVE = YES;
				CLANG_WARN_UNGUARDED_AVAILABILITY = YES_AGGRESSIVE;
				CLANG_WARN_UNREACHABLE_CODE = YES;
				CLANG_WARN__DUPLICATE_METHOD_MATCH = YES;
				COPY_PHASE_STRIP = NO;
				DEBUG_INFORMATION_FORMAT = dwarf;
				ENABLE_STRICT_OBJC_MSGSEND = YES;
				ENABLE_TESTABILITY = YES;
				GCC_C_LANGUAGE_STANDARD = gnu11;
				GCC_DYNAMIC_NO_PIC = NO;
				GCC_NO_COMMON_BLOCKS = YES;
				GCC_OPTIMIZATION_LEVEL = 0;
				GCC_PREPROCESSOR_DEFINITIONS = (
					"DEBUG=1",
					"$(inherited)",
				);
				GCC_WARN_64_TO_32_BIT_CONVERSION = YES;
				GCC_WARN_ABOUT_RETURN_TYPE = YES_ERROR;
				GCC_WARN_UNDECLARED_SELECTOR = YES;
				GCC_WARN_UNINITIALIZED_AUTOS = YES_AGGRESSIVE;
				GCC_WARN_UNUSED_FUNCTION = YES;
				GCC_WARN_UNUSED_VARIABLE = YES;
				IPHONEOS_DEPLOYMENT_TARGET = 16.2;
				MTL_ENABLE_DEBUG_INFO = INCLUDE_SOURCE;
				MTL_FAST_MATH = YES;
				ONLY_ACTIVE_ARCH = YES;
				SDKROOT = iphoneos;
				SWIFT_ACTIVE_COMPILATION_CONDITIONS = DEBUG;
				SWIFT_OPTIMIZATION_LEVEL = "-Onone";
			};
			name = Debug;
		};
		FA934BE8295E1C6B00D2D184 /* Release */ = {
			isa = XCBuildConfiguration;
			buildSettings = {
				ALWAYS_SEARCH_USER_PATHS = NO;
				CLANG_ANALYZER_NONNULL = YES;
				CLANG_ANALYZER_NUMBER_OBJECT_CONVERSION = YES_AGGRESSIVE;
				CLANG_CXX_LANGUAGE_STANDARD = "gnu++20";
				CLANG_ENABLE_MODULES = YES;
				CLANG_ENABLE_OBJC_ARC = YES;
				CLANG_ENABLE_OBJC_WEAK = YES;
				CLANG_WARN_BLOCK_CAPTURE_AUTORELEASING = YES;
				CLANG_WARN_BOOL_CONVERSION = YES;
				CLANG_WARN_COMMA = YES;
				CLANG_WARN_CONSTANT_CONVERSION = YES;
				CLANG_WARN_DEPRECATED_OBJC_IMPLEMENTATIONS = YES;
				CLANG_WARN_DIRECT_OBJC_ISA_USAGE = YES_ERROR;
				CLANG_WARN_DOCUMENTATION_COMMENTS = YES;
				CLANG_WARN_EMPTY_BODY = YES;
				CLANG_WARN_ENUM_CONVERSION = YES;
				CLANG_WARN_INFINITE_RECURSION = YES;
				CLANG_WARN_INT_CONVERSION = YES;
				CLANG_WARN_NON_LITERAL_NULL_CONVERSION = YES;
				CLANG_WARN_OBJC_IMPLICIT_RETAIN_SELF = YES;
				CLANG_WARN_OBJC_LITERAL_CONVERSION = YES;
				CLANG_WARN_OBJC_ROOT_CLASS = YES_ERROR;
				CLANG_WARN_QUOTED_INCLUDE_IN_FRAMEWORK_HEADER = YES;
				CLANG_WARN_RANGE_LOOP_ANALYSIS = YES;
				CLANG_WARN_STRICT_PROTOTYPES = YES;
				CLANG_WARN_SUSPICIOUS_MOVE = YES;
				CLANG_WARN_UNGUARDED_AVAILABILITY = YES_AGGRESSIVE;
				CLANG_WARN_UNREACHABLE_CODE = YES;
				CLANG_WARN__DUPLICATE_METHOD_MATCH = YES;
				COPY_PHASE_STRIP = NO;
				DEBUG_INFORMATION_FORMAT = "dwarf-with-dsym";
				ENABLE_NS_ASSERTIONS = NO;
				ENABLE_STRICT_OBJC_MSGSEND = YES;
				GCC_C_LANGUAGE_STANDARD = gnu11;
				GCC_NO_COMMON_BLOCKS = YES;
				GCC_WARN_64_TO_32_BIT_CONVERSION = YES;
				GCC_WARN_ABOUT_RETURN_TYPE = YES_ERROR;
				GCC_WARN_UNDECLARED_SELECTOR = YES;
				GCC_WARN_UNINITIALIZED_AUTOS = YES_AGGRESSIVE;
				GCC_WARN_UNUSED_FUNCTION = YES;
				GCC_WARN_UNUSED_VARIABLE = YES;
				IPHONEOS_DEPLOYMENT_TARGET = 16.2;
				MTL_ENABLE_DEBUG_INFO = NO;
				MTL_FAST_MATH = YES;
				SDKROOT = iphoneos;
				SWIFT_COMPILATION_MODE = wholemodule;
				SWIFT_OPTIMIZATION_LEVEL = "-O";
				VALIDATE_PRODUCT = YES;
			};
			name = Release;
		};
		FA934BEA295E1C6B00D2D184 /* Debug */ = {
			isa = XCBuildConfiguration;
			buildSettings = {
				ASSETCATALOG_COMPILER_APPICON_NAME = AppIcon;
				ASSETCATALOG_COMPILER_GLOBAL_ACCENT_COLOR_NAME = AccentColor;
				CODE_SIGN_STYLE = Automatic;
				CURRENT_PROJECT_VERSION = 1;
				DEVELOPMENT_TEAM = 88B6FV9G4B;
				GENERATE_INFOPLIST_FILE = YES;
				INFOPLIST_KEY_UIApplicationSupportsIndirectInputEvents = YES;
				INFOPLIST_KEY_UILaunchStoryboardName = LaunchScreen;
				INFOPLIST_KEY_UIMainStoryboardFile = Main;
				INFOPLIST_KEY_UIRequiresFullScreen = YES;
				INFOPLIST_KEY_UIStatusBarHidden = YES;
				INFOPLIST_KEY_UISupportedInterfaceOrientations = UIInterfaceOrientationPortrait;
				LD_RUNPATH_SEARCH_PATHS = (
					"$(inherited)",
					"@executable_path/Frameworks",
				);
				MARKETING_VERSION = 1.0;
				PRODUCT_BUNDLE_IDENTIFIER = "AleksandrKotlyar.WarFly2022-Game";
				PRODUCT_NAME = "$(TARGET_NAME)";
				SWIFT_EMIT_LOC_STRINGS = YES;
				SWIFT_VERSION = 5.0;
				TARGETED_DEVICE_FAMILY = "1,2";
			};
			name = Debug;
		};
		FA934BEB295E1C6B00D2D184 /* Release */ = {
			isa = XCBuildConfiguration;
			buildSettings = {
				ASSETCATALOG_COMPILER_APPICON_NAME = AppIcon;
				ASSETCATALOG_COMPILER_GLOBAL_ACCENT_COLOR_NAME = AccentColor;
				CODE_SIGN_STYLE = Automatic;
				CURRENT_PROJECT_VERSION = 1;
				DEVELOPMENT_TEAM = 88B6FV9G4B;
				GENERATE_INFOPLIST_FILE = YES;
				INFOPLIST_KEY_UIApplicationSupportsIndirectInputEvents = YES;
				INFOPLIST_KEY_UILaunchStoryboardName = LaunchScreen;
				INFOPLIST_KEY_UIMainStoryboardFile = Main;
				INFOPLIST_KEY_UIRequiresFullScreen = YES;
				INFOPLIST_KEY_UIStatusBarHidden = YES;
				INFOPLIST_KEY_UISupportedInterfaceOrientations = UIInterfaceOrientationPortrait;
				LD_RUNPATH_SEARCH_PATHS = (
					"$(inherited)",
					"@executable_path/Frameworks",
				);
				MARKETING_VERSION = 1.0;
				PRODUCT_BUNDLE_IDENTIFIER = "AleksandrKotlyar.WarFly2022-Game";
				PRODUCT_NAME = "$(TARGET_NAME)";
				SWIFT_EMIT_LOC_STRINGS = YES;
				SWIFT_VERSION = 5.0;
				TARGETED_DEVICE_FAMILY = "1,2";
			};
			name = Release;
		};
/* End XCBuildConfiguration section */

/* Begin XCConfigurationList section */
		FA934BCD295E1C6800D2D184 /* Build configuration list for PBXProject "WarFly2022_Game" */ = {
			isa = XCConfigurationList;
			buildConfigurations = (
				FA934BE7295E1C6B00D2D184 /* Debug */,
				FA934BE8295E1C6B00D2D184 /* Release */,
			);
			defaultConfigurationIsVisible = 0;
			defaultConfigurationName = Release;
		};
		FA934BE9295E1C6B00D2D184 /* Build configuration list for PBXNativeTarget "WarFly2022_Game" */ = {
			isa = XCConfigurationList;
			buildConfigurations = (
				FA934BEA295E1C6B00D2D184 /* Debug */,
				FA934BEB295E1C6B00D2D184 /* Release */,
			);
			defaultConfigurationIsVisible = 0;
			defaultConfigurationName = Release;
		};
/* End XCConfigurationList section */
	};
	rootObject = FA934BCA295E1C6800D2D184 /* Project object */;
}
